
Microsoft Visual Studio Solution File, Format Version 12.00
# Visual Studio Version 17
VisualStudioVersion = 17.10.35013.160
MinimumVisualStudioVersion = 10.0.40219.1
Project("{2150E333-8FDC-42A3-9474-1A3956D46DE8}") = "StringsNumbersConsole1-5", "StringsNumbersConsole1-5", "{96009B56-1145-45E4-8408-983B9F311237}"
EndProject
Project("{2150E333-8FDC-42A3-9474-1A3956D46DE8}") = "LoopsExpressionsControl6-22", "LoopsExpressionsControl6-22", "{D368289C-A158-4EBA-B4AD-C70EAA3E180A}"
EndProject
Project("{2150E333-8FDC-42A3-9474-1A3956D46DE8}") = "StringProcessing23-30", "StringProcessing23-30", "{C7982717-B2C3-4C49-A625-F70A862E5A13}"
EndProject
Project("{FAE04EC0-301F-11D3-BF4B-00C04F79EFBC}") = "Exercise26", "Exercise26\Exercise26.csproj", "{973BD9A1-9D05-47C7-9B49-E3FAEACA9F90}"
EndProject
Project("{FAE04EC0-301F-11D3-BF4B-00C04F79EFBC}") = "Exercise27", "Exercise27\Exercise27.csproj", "{E5FBF4F5-9A87-405A-8B54-FA1569832E82}"
EndProject
Project("{FAE04EC0-301F-11D3-BF4B-00C04F79EFBC}") = "Exercise29", "Exercise29\Exercise29.csproj", "{9AA6DED7-0CEA-449D-9D86-D5BAFA4EB3F2}"
EndProject
Project("{FAE04EC0-301F-11D3-BF4B-00C04F79EFBC}") = "Exercise28", "Exercise28\Exercise28.csproj", "{D1702046-B2EC-4398-89F2-8E694C756C57}"
EndProject
Project("{FAE04EC0-301F-11D3-BF4B-00C04F79EFBC}") = "Exercise30", "Exercise30\Exercise30.csproj", "{CCB4560B-8CF0-4997-BE40-35015E7DF5FF}"
EndProject
Project("{2150E333-8FDC-42A3-9474-1A3956D46DE8}") = "Arrays31-41", "Arrays31-41", "{94C3B9EF-2B6F-498A-ACC2-2F51088F84F3}"
EndProject
Project("{FAE04EC0-301F-11D3-BF4B-00C04F79EFBC}") = "Exercise31", "Exercise31\Exercise31.csproj", "{BEE7B13F-695C-4C0E-A235-3C170E1052E2}"
EndProject
Project("{FAE04EC0-301F-11D3-BF4B-00C04F79EFBC}") = "Exercise32", "Exercise32\Exercise32.csproj", "{B7916C38-E99E-45E2-AF29-FF5E52FC224B}"
EndProject
Project("{FAE04EC0-301F-11D3-BF4B-00C04F79EFBC}") = "Exercise33", "Exercise33\Exercise33.csproj", "{C130D04E-3110-4CA6-AC99-CCA86ED33178}"
EndProject
Project("{FAE04EC0-301F-11D3-BF4B-00C04F79EFBC}") = "Exercise34", "Exercise34\Exercise34.csproj", "{66A5D665-605B-46F9-9DAC-95A1CCF48B75}"
EndProject
Project("{FAE04EC0-301F-11D3-BF4B-00C04F79EFBC}") = "Exercise35", "Exercise35\Exercise35.csproj", "{4C7E3B85-AA27-47FA-934A-5005F514AA29}"
EndProject
Project("{FAE04EC0-301F-11D3-BF4B-00C04F79EFBC}") = "Exercise36", "Exercise36\Exercise36.csproj", "{FFBE1D1B-5729-4FFF-8644-A1472EAA41BE}"
EndProject
Project("{FAE04EC0-301F-11D3-BF4B-00C04F79EFBC}") = "Exercise37", "Exercise37\Exercise37.csproj", "{F617F6C9-3B75-44E9-A32C-C6ED79FCCB1D}"
EndProject
Project("{FAE04EC0-301F-11D3-BF4B-00C04F79EFBC}") = "Exercise38", "Exercise38\Exercise38.csproj", "{0A060D9F-3D59-4B71-8B49-1A2A78D67812}"
EndProject
Project("{FAE04EC0-301F-11D3-BF4B-00C04F79EFBC}") = "Exercise39", "Exercise39\Exercise39.csproj", "{BB7696D6-8769-4F02-989F-CC0B2FF50EBC}"
EndProject
Project("{FAE04EC0-301F-11D3-BF4B-00C04F79EFBC}") = "Exercise40", "Exercise40\Exercise40.csproj", "{0E19C4CB-61C9-4846-B5A4-076B2522DD1B}"
EndProject
Project("{FAE04EC0-301F-11D3-BF4B-00C04F79EFBC}") = "Exercise41", "Exercise41\Exercise41.csproj", "{F67CA977-687C-4292-9E23-6F4D7804722C}"
EndProject
Project("{2150E333-8FDC-42A3-9474-1A3956D46DE8}") = "Classes42-46", "Classes42-46", "{8D06333C-EFCA-4AF3-872A-9B4BA104D671}"
EndProject
Project("{2150E333-8FDC-42A3-9474-1A3956D46DE8}") = "Collections47-52", "Collections47-52", "{A04B6126-0DBF-4FCA-A4D3-2B622ACD3B7B}"
EndProject
Project("{2150E333-8FDC-42A3-9474-1A3956D46DE8}") = "AbstractandBaseClasses53-56", "AbstractandBaseClasses53-56", "{0A9714C1-158D-46EA-8F29-6837E995C2B8}"
EndProject
Project("{2150E333-8FDC-42A3-9474-1A3956D46DE8}") = "Enumerations57-62", "Enumerations57-62", "{4D1E669A-CD2B-4CFD-ABF2-6ED84001AB3E}"
EndProject
Project("{FAE04EC0-301F-11D3-BF4B-00C04F79EFBC}") = "Exercise42", "Exercise42\Exercise42.csproj", "{586326B9-87A8-4615-B245-DC21487F38F5}"
EndProject
Project("{FAE04EC0-301F-11D3-BF4B-00C04F79EFBC}") = "Exercise43", "Exercise43\Exercise43.csproj", "{6C73FC4D-D2FF-4AB5-AC26-A7ABB8494305}"
EndProject
Project("{FAE04EC0-301F-11D3-BF4B-00C04F79EFBC}") = "Exercise44", "Exercise44\Exercise44.csproj", "{DBA349EB-F051-48A6-85B2-FBF2D54B82FE}"
EndProject
Project("{FAE04EC0-301F-11D3-BF4B-00C04F79EFBC}") = "Exercise45", "Exercise45\Exercise45.csproj", "{42A65C33-821A-4064-885A-A98CA6977EE5}"
EndProject
Project("{FAE04EC0-301F-11D3-BF4B-00C04F79EFBC}") = "Exercise46", "Exercise46\Exercise46.csproj", "{86EF574D-64B0-4FF3-AF04-CA0E9BA5EBB9}"
EndProject
Project("{FAE04EC0-301F-11D3-BF4B-00C04F79EFBC}") = "Exercise47", "Exercise47\Exercise47.csproj", "{29A059AD-6BD1-49F2-923A-567FAB01F392}"
EndProject
Project("{FAE04EC0-301F-11D3-BF4B-00C04F79EFBC}") = "Exercise23", "Exercise23\Exercise23.csproj", "{DAB3CBFE-EBF2-48C4-B0B7-E796677C167D}"
EndProject
Project("{FAE04EC0-301F-11D3-BF4B-00C04F79EFBC}") = "Exercise24", "Exercise24\Exercise24.csproj", "{EF7113BB-E11F-4831-BBDD-A3310068384D}"
EndProject
Project("{FAE04EC0-301F-11D3-BF4B-00C04F79EFBC}") = "Exercise25", "Exercise25\Exercise25.csproj", "{33C5A117-55FF-4DC1-BBA0-2B4CC9ADA3AE}"
EndProject
Project("{FAE04EC0-301F-11D3-BF4B-00C04F79EFBC}") = "Exercise1", "Exercise1\Exercise1.csproj", "{4B2C3205-C0C3-4990-AD54-6E4C79AFD461}"
EndProject
Project("{FAE04EC0-301F-11D3-BF4B-00C04F79EFBC}") = "Exercise2", "Exercise2\Exercise2.csproj", "{9F9F1DC9-E691-4D54-9D4E-015D2551DFDF}"
EndProject
Project("{FAE04EC0-301F-11D3-BF4B-00C04F79EFBC}") = "Exercise3", "Exercise3\Exercise3.csproj", "{DE321124-0A9F-462F-B566-0E884F19B8F2}"
EndProject
Project("{FAE04EC0-301F-11D3-BF4B-00C04F79EFBC}") = "Exercise4", "Exercise4\Exercise4.csproj", "{0A1A1A01-8941-410D-AE2F-FBB2885D323F}"
EndProject
Project("{FAE04EC0-301F-11D3-BF4B-00C04F79EFBC}") = "Exercise5", "Exercise5\Exercise5.csproj", "{490C331D-FD59-45B1-856D-A089F040AD2A}"
EndProject
Project("{FAE04EC0-301F-11D3-BF4B-00C04F79EFBC}") = "Exercise6", "Exercise6\Exercise6.csproj", "{3DC26DC3-E509-4649-8A98-CB7384AF3E06}"
EndProject
Project("{FAE04EC0-301F-11D3-BF4B-00C04F79EFBC}") = "Exercise7", "Exercise7\Exercise7.csproj", "{12F32244-5D32-4922-AA56-318B2E8C0981}"
EndProject
Project("{FAE04EC0-301F-11D3-BF4B-00C04F79EFBC}") = "Exercise8", "Exercise8\Exercise8.csproj", "{35499991-A3A0-42C8-8A79-80AE5AFD33D6}"
EndProject
Project("{FAE04EC0-301F-11D3-BF4B-00C04F79EFBC}") = "Exercise9", "Exercise9\Exercise9.csproj", "{545DAED6-62AE-4DAA-A640-D239D296DFBA}"
EndProject
Project("{FAE04EC0-301F-11D3-BF4B-00C04F79EFBC}") = "Exercise10", "Exercise10\Exercise10.csproj", "{AB56BF75-B623-41D6-BF7F-6F68CE768A8F}"
EndProject
Project("{FAE04EC0-301F-11D3-BF4B-00C04F79EFBC}") = "Exercise11", "Exercise11\Exercise11.csproj", "{7743B0BC-CA03-4D0C-B7E9-F481C792722E}"
EndProject
Project("{FAE04EC0-301F-11D3-BF4B-00C04F79EFBC}") = "Exercise12", "Exercise12\Exercise12.csproj", "{D4D4C83F-BC3F-44D7-86C5-AA0ED461C45E}"
EndProject
Project("{FAE04EC0-301F-11D3-BF4B-00C04F79EFBC}") = "Exercise13", "Exercise13\Exercise13.csproj", "{E7172C1B-FCD7-42D9-893F-71A9B78C0730}"
EndProject
Project("{FAE04EC0-301F-11D3-BF4B-00C04F79EFBC}") = "Exercise14", "Exercise14\Exercise14.csproj", "{3431D6F6-0298-4B93-8717-DAC569266E5D}"
EndProject
Project("{FAE04EC0-301F-11D3-BF4B-00C04F79EFBC}") = "Exercise15", "Exercise15\Exercise15.csproj", "{A370FC4C-A84C-42BB-B6B2-C67ED2D88D19}"
EndProject
Project("{FAE04EC0-301F-11D3-BF4B-00C04F79EFBC}") = "Exercise16", "Exercise16\Exercise16.csproj", "{831BEC4C-862D-4AA5-84AD-B7751104DA57}"
EndProject
Project("{FAE04EC0-301F-11D3-BF4B-00C04F79EFBC}") = "Exercise17", "Exercise17\Exercise17.csproj", "{23A9EB48-A9D8-4AC2-BBBA-631D5C532BB1}"
EndProject
Project("{FAE04EC0-301F-11D3-BF4B-00C04F79EFBC}") = "Exercise18", "Exercise18\Exercise18.csproj", "{1BA7BD37-1A54-476D-A1E2-181EBB71F726}"
EndProject
Project("{FAE04EC0-301F-11D3-BF4B-00C04F79EFBC}") = "Exercise19", "Exercise19\Exercise19.csproj", "{C421F21B-659F-457F-A0C5-22A1520DB28B}"
EndProject
Project("{FAE04EC0-301F-11D3-BF4B-00C04F79EFBC}") = "Exercise20", "Exercise20\Exercise20.csproj", "{A2A4F4E8-6278-47A7-82DB-5CC978755007}"
EndProject
Project("{FAE04EC0-301F-11D3-BF4B-00C04F79EFBC}") = "Exercise21", "Exercise21\Exercise21.csproj", "{631F57F0-6707-47C9-964A-B789DB09D91A}"
EndProject
Project("{FAE04EC0-301F-11D3-BF4B-00C04F79EFBC}") = "Exercise22", "Exercise22\Exercise22.csproj", "{8B59C0BA-9656-4DA1-A5BE-5C91F8F42D1D}"
EndProject
Project("{FAE04EC0-301F-11D3-BF4B-00C04F79EFBC}") = "Exercise48", "Exercise48\Exercise48.csproj", "{9B578C4F-3705-4042-A368-E1832A9FFE6F}"
EndProject
Project("{FAE04EC0-301F-11D3-BF4B-00C04F79EFBC}") = "Exercise49", "Exercise49\Exercise49.csproj", "{745BF1B9-75C0-40DF-B6DA-D088FFBA8790}"
EndProject
Project("{FAE04EC0-301F-11D3-BF4B-00C04F79EFBC}") = "Exercise50", "Exercise50\Exercise50.csproj", "{30C431C8-2CAA-4B56-9053-3512DA26DB27}"
EndProject
Project("{FAE04EC0-301F-11D3-BF4B-00C04F79EFBC}") = "Exercise51", "Exercise51\Exercise51.csproj", "{8B8FF216-F0ED-4BB5-87E2-C88204393940}"
EndProject
Global
	GlobalSection(SolutionConfigurationPlatforms) = preSolution
		Debug|Any CPU = Debug|Any CPU
		Release|Any CPU = Release|Any CPU
	EndGlobalSection
	GlobalSection(ProjectConfigurationPlatforms) = postSolution
		{973BD9A1-9D05-47C7-9B49-E3FAEACA9F90}.Debug|Any CPU.ActiveCfg = Debug|Any CPU
		{973BD9A1-9D05-47C7-9B49-E3FAEACA9F90}.Debug|Any CPU.Build.0 = Debug|Any CPU
		{973BD9A1-9D05-47C7-9B49-E3FAEACA9F90}.Release|Any CPU.ActiveCfg = Release|Any CPU
		{973BD9A1-9D05-47C7-9B49-E3FAEACA9F90}.Release|Any CPU.Build.0 = Release|Any CPU
		{E5FBF4F5-9A87-405A-8B54-FA1569832E82}.Debug|Any CPU.ActiveCfg = Debug|Any CPU
		{E5FBF4F5-9A87-405A-8B54-FA1569832E82}.Debug|Any CPU.Build.0 = Debug|Any CPU
		{E5FBF4F5-9A87-405A-8B54-FA1569832E82}.Release|Any CPU.ActiveCfg = Release|Any CPU
		{E5FBF4F5-9A87-405A-8B54-FA1569832E82}.Release|Any CPU.Build.0 = Release|Any CPU
		{9AA6DED7-0CEA-449D-9D86-D5BAFA4EB3F2}.Debug|Any CPU.ActiveCfg = Debug|Any CPU
		{9AA6DED7-0CEA-449D-9D86-D5BAFA4EB3F2}.Debug|Any CPU.Build.0 = Debug|Any CPU
		{9AA6DED7-0CEA-449D-9D86-D5BAFA4EB3F2}.Release|Any CPU.ActiveCfg = Release|Any CPU
		{9AA6DED7-0CEA-449D-9D86-D5BAFA4EB3F2}.Release|Any CPU.Build.0 = Release|Any CPU
		{D1702046-B2EC-4398-89F2-8E694C756C57}.Debug|Any CPU.ActiveCfg = Debug|Any CPU
		{D1702046-B2EC-4398-89F2-8E694C756C57}.Debug|Any CPU.Build.0 = Debug|Any CPU
		{D1702046-B2EC-4398-89F2-8E694C756C57}.Release|Any CPU.ActiveCfg = Release|Any CPU
		{D1702046-B2EC-4398-89F2-8E694C756C57}.Release|Any CPU.Build.0 = Release|Any CPU
		{CCB4560B-8CF0-4997-BE40-35015E7DF5FF}.Debug|Any CPU.ActiveCfg = Debug|Any CPU
		{CCB4560B-8CF0-4997-BE40-35015E7DF5FF}.Debug|Any CPU.Build.0 = Debug|Any CPU
		{CCB4560B-8CF0-4997-BE40-35015E7DF5FF}.Release|Any CPU.ActiveCfg = Release|Any CPU
		{CCB4560B-8CF0-4997-BE40-35015E7DF5FF}.Release|Any CPU.Build.0 = Release|Any CPU
		{BEE7B13F-695C-4C0E-A235-3C170E1052E2}.Debug|Any CPU.ActiveCfg = Debug|Any CPU
		{BEE7B13F-695C-4C0E-A235-3C170E1052E2}.Debug|Any CPU.Build.0 = Debug|Any CPU
		{BEE7B13F-695C-4C0E-A235-3C170E1052E2}.Release|Any CPU.ActiveCfg = Release|Any CPU
		{BEE7B13F-695C-4C0E-A235-3C170E1052E2}.Release|Any CPU.Build.0 = Release|Any CPU
		{B7916C38-E99E-45E2-AF29-FF5E52FC224B}.Debug|Any CPU.ActiveCfg = Debug|Any CPU
		{B7916C38-E99E-45E2-AF29-FF5E52FC224B}.Debug|Any CPU.Build.0 = Debug|Any CPU
		{B7916C38-E99E-45E2-AF29-FF5E52FC224B}.Release|Any CPU.ActiveCfg = Release|Any CPU
		{B7916C38-E99E-45E2-AF29-FF5E52FC224B}.Release|Any CPU.Build.0 = Release|Any CPU
		{C130D04E-3110-4CA6-AC99-CCA86ED33178}.Debug|Any CPU.ActiveCfg = Debug|Any CPU
		{C130D04E-3110-4CA6-AC99-CCA86ED33178}.Debug|Any CPU.Build.0 = Debug|Any CPU
		{C130D04E-3110-4CA6-AC99-CCA86ED33178}.Release|Any CPU.ActiveCfg = Release|Any CPU
		{C130D04E-3110-4CA6-AC99-CCA86ED33178}.Release|Any CPU.Build.0 = Release|Any CPU
		{66A5D665-605B-46F9-9DAC-95A1CCF48B75}.Debug|Any CPU.ActiveCfg = Debug|Any CPU
		{66A5D665-605B-46F9-9DAC-95A1CCF48B75}.Debug|Any CPU.Build.0 = Debug|Any CPU
		{66A5D665-605B-46F9-9DAC-95A1CCF48B75}.Release|Any CPU.ActiveCfg = Release|Any CPU
		{66A5D665-605B-46F9-9DAC-95A1CCF48B75}.Release|Any CPU.Build.0 = Release|Any CPU
		{4C7E3B85-AA27-47FA-934A-5005F514AA29}.Debug|Any CPU.ActiveCfg = Debug|Any CPU
		{4C7E3B85-AA27-47FA-934A-5005F514AA29}.Debug|Any CPU.Build.0 = Debug|Any CPU
		{4C7E3B85-AA27-47FA-934A-5005F514AA29}.Release|Any CPU.ActiveCfg = Release|Any CPU
		{4C7E3B85-AA27-47FA-934A-5005F514AA29}.Release|Any CPU.Build.0 = Release|Any CPU
		{FFBE1D1B-5729-4FFF-8644-A1472EAA41BE}.Debug|Any CPU.ActiveCfg = Debug|Any CPU
		{FFBE1D1B-5729-4FFF-8644-A1472EAA41BE}.Debug|Any CPU.Build.0 = Debug|Any CPU
		{FFBE1D1B-5729-4FFF-8644-A1472EAA41BE}.Release|Any CPU.ActiveCfg = Release|Any CPU
		{FFBE1D1B-5729-4FFF-8644-A1472EAA41BE}.Release|Any CPU.Build.0 = Release|Any CPU
		{F617F6C9-3B75-44E9-A32C-C6ED79FCCB1D}.Debug|Any CPU.ActiveCfg = Debug|Any CPU
		{F617F6C9-3B75-44E9-A32C-C6ED79FCCB1D}.Debug|Any CPU.Build.0 = Debug|Any CPU
		{F617F6C9-3B75-44E9-A32C-C6ED79FCCB1D}.Release|Any CPU.ActiveCfg = Release|Any CPU
		{F617F6C9-3B75-44E9-A32C-C6ED79FCCB1D}.Release|Any CPU.Build.0 = Release|Any CPU
		{0A060D9F-3D59-4B71-8B49-1A2A78D67812}.Debug|Any CPU.ActiveCfg = Debug|Any CPU
		{0A060D9F-3D59-4B71-8B49-1A2A78D67812}.Debug|Any CPU.Build.0 = Debug|Any CPU
		{0A060D9F-3D59-4B71-8B49-1A2A78D67812}.Release|Any CPU.ActiveCfg = Release|Any CPU
		{0A060D9F-3D59-4B71-8B49-1A2A78D67812}.Release|Any CPU.Build.0 = Release|Any CPU
		{BB7696D6-8769-4F02-989F-CC0B2FF50EBC}.Debug|Any CPU.ActiveCfg = Debug|Any CPU
		{BB7696D6-8769-4F02-989F-CC0B2FF50EBC}.Debug|Any CPU.Build.0 = Debug|Any CPU
		{BB7696D6-8769-4F02-989F-CC0B2FF50EBC}.Release|Any CPU.ActiveCfg = Release|Any CPU
		{BB7696D6-8769-4F02-989F-CC0B2FF50EBC}.Release|Any CPU.Build.0 = Release|Any CPU
		{0E19C4CB-61C9-4846-B5A4-076B2522DD1B}.Debug|Any CPU.ActiveCfg = Debug|Any CPU
		{0E19C4CB-61C9-4846-B5A4-076B2522DD1B}.Debug|Any CPU.Build.0 = Debug|Any CPU
		{0E19C4CB-61C9-4846-B5A4-076B2522DD1B}.Release|Any CPU.ActiveCfg = Release|Any CPU
		{0E19C4CB-61C9-4846-B5A4-076B2522DD1B}.Release|Any CPU.Build.0 = Release|Any CPU
		{F67CA977-687C-4292-9E23-6F4D7804722C}.Debug|Any CPU.ActiveCfg = Debug|Any CPU
		{F67CA977-687C-4292-9E23-6F4D7804722C}.Debug|Any CPU.Build.0 = Debug|Any CPU
		{F67CA977-687C-4292-9E23-6F4D7804722C}.Release|Any CPU.ActiveCfg = Release|Any CPU
		{F67CA977-687C-4292-9E23-6F4D7804722C}.Release|Any CPU.Build.0 = Release|Any CPU
		{586326B9-87A8-4615-B245-DC21487F38F5}.Debug|Any CPU.ActiveCfg = Debug|Any CPU
		{586326B9-87A8-4615-B245-DC21487F38F5}.Debug|Any CPU.Build.0 = Debug|Any CPU
		{586326B9-87A8-4615-B245-DC21487F38F5}.Release|Any CPU.ActiveCfg = Release|Any CPU
		{586326B9-87A8-4615-B245-DC21487F38F5}.Release|Any CPU.Build.0 = Release|Any CPU
		{6C73FC4D-D2FF-4AB5-AC26-A7ABB8494305}.Debug|Any CPU.ActiveCfg = Debug|Any CPU
		{6C73FC4D-D2FF-4AB5-AC26-A7ABB8494305}.Debug|Any CPU.Build.0 = Debug|Any CPU
		{6C73FC4D-D2FF-4AB5-AC26-A7ABB8494305}.Release|Any CPU.ActiveCfg = Release|Any CPU
		{6C73FC4D-D2FF-4AB5-AC26-A7ABB8494305}.Release|Any CPU.Build.0 = Release|Any CPU
		{DBA349EB-F051-48A6-85B2-FBF2D54B82FE}.Debug|Any CPU.ActiveCfg = Debug|Any CPU
		{DBA349EB-F051-48A6-85B2-FBF2D54B82FE}.Debug|Any CPU.Build.0 = Debug|Any CPU
		{DBA349EB-F051-48A6-85B2-FBF2D54B82FE}.Release|Any CPU.ActiveCfg = Release|Any CPU
		{DBA349EB-F051-48A6-85B2-FBF2D54B82FE}.Release|Any CPU.Build.0 = Release|Any CPU
		{42A65C33-821A-4064-885A-A98CA6977EE5}.Debug|Any CPU.ActiveCfg = Debug|Any CPU
		{42A65C33-821A-4064-885A-A98CA6977EE5}.Debug|Any CPU.Build.0 = Debug|Any CPU
		{42A65C33-821A-4064-885A-A98CA6977EE5}.Release|Any CPU.ActiveCfg = Release|Any CPU
		{42A65C33-821A-4064-885A-A98CA6977EE5}.Release|Any CPU.Build.0 = Release|Any CPU
		{86EF574D-64B0-4FF3-AF04-CA0E9BA5EBB9}.Debug|Any CPU.ActiveCfg = Debug|Any CPU
		{86EF574D-64B0-4FF3-AF04-CA0E9BA5EBB9}.Debug|Any CPU.Build.0 = Debug|Any CPU
		{86EF574D-64B0-4FF3-AF04-CA0E9BA5EBB9}.Release|Any CPU.ActiveCfg = Release|Any CPU
		{86EF574D-64B0-4FF3-AF04-CA0E9BA5EBB9}.Release|Any CPU.Build.0 = Release|Any CPU
		{29A059AD-6BD1-49F2-923A-567FAB01F392}.Debug|Any CPU.ActiveCfg = Debug|Any CPU
		{29A059AD-6BD1-49F2-923A-567FAB01F392}.Debug|Any CPU.Build.0 = Debug|Any CPU
		{29A059AD-6BD1-49F2-923A-567FAB01F392}.Release|Any CPU.ActiveCfg = Release|Any CPU
		{29A059AD-6BD1-49F2-923A-567FAB01F392}.Release|Any CPU.Build.0 = Release|Any CPU
		{DAB3CBFE-EBF2-48C4-B0B7-E796677C167D}.Debug|Any CPU.ActiveCfg = Debug|Any CPU
		{DAB3CBFE-EBF2-48C4-B0B7-E796677C167D}.Debug|Any CPU.Build.0 = Debug|Any CPU
		{DAB3CBFE-EBF2-48C4-B0B7-E796677C167D}.Release|Any CPU.ActiveCfg = Release|Any CPU
		{DAB3CBFE-EBF2-48C4-B0B7-E796677C167D}.Release|Any CPU.Build.0 = Release|Any CPU
		{EF7113BB-E11F-4831-BBDD-A3310068384D}.Debug|Any CPU.ActiveCfg = Debug|Any CPU
		{EF7113BB-E11F-4831-BBDD-A3310068384D}.Debug|Any CPU.Build.0 = Debug|Any CPU
		{EF7113BB-E11F-4831-BBDD-A3310068384D}.Release|Any CPU.ActiveCfg = Release|Any CPU
		{EF7113BB-E11F-4831-BBDD-A3310068384D}.Release|Any CPU.Build.0 = Release|Any CPU
		{33C5A117-55FF-4DC1-BBA0-2B4CC9ADA3AE}.Debug|Any CPU.ActiveCfg = Debug|Any CPU
		{33C5A117-55FF-4DC1-BBA0-2B4CC9ADA3AE}.Debug|Any CPU.Build.0 = Debug|Any CPU
		{33C5A117-55FF-4DC1-BBA0-2B4CC9ADA3AE}.Release|Any CPU.ActiveCfg = Release|Any CPU
		{33C5A117-55FF-4DC1-BBA0-2B4CC9ADA3AE}.Release|Any CPU.Build.0 = Release|Any CPU
		{4B2C3205-C0C3-4990-AD54-6E4C79AFD461}.Debug|Any CPU.ActiveCfg = Debug|Any CPU
		{4B2C3205-C0C3-4990-AD54-6E4C79AFD461}.Debug|Any CPU.Build.0 = Debug|Any CPU
		{4B2C3205-C0C3-4990-AD54-6E4C79AFD461}.Release|Any CPU.ActiveCfg = Release|Any CPU
		{4B2C3205-C0C3-4990-AD54-6E4C79AFD461}.Release|Any CPU.Build.0 = Release|Any CPU
		{9F9F1DC9-E691-4D54-9D4E-015D2551DFDF}.Debug|Any CPU.ActiveCfg = Debug|Any CPU
		{9F9F1DC9-E691-4D54-9D4E-015D2551DFDF}.Debug|Any CPU.Build.0 = Debug|Any CPU
		{9F9F1DC9-E691-4D54-9D4E-015D2551DFDF}.Release|Any CPU.ActiveCfg = Release|Any CPU
		{9F9F1DC9-E691-4D54-9D4E-015D2551DFDF}.Release|Any CPU.Build.0 = Release|Any CPU
		{DE321124-0A9F-462F-B566-0E884F19B8F2}.Debug|Any CPU.ActiveCfg = Debug|Any CPU
		{DE321124-0A9F-462F-B566-0E884F19B8F2}.Debug|Any CPU.Build.0 = Debug|Any CPU
		{DE321124-0A9F-462F-B566-0E884F19B8F2}.Release|Any CPU.ActiveCfg = Release|Any CPU
		{DE321124-0A9F-462F-B566-0E884F19B8F2}.Release|Any CPU.Build.0 = Release|Any CPU
		{0A1A1A01-8941-410D-AE2F-FBB2885D323F}.Debug|Any CPU.ActiveCfg = Debug|Any CPU
		{0A1A1A01-8941-410D-AE2F-FBB2885D323F}.Debug|Any CPU.Build.0 = Debug|Any CPU
		{0A1A1A01-8941-410D-AE2F-FBB2885D323F}.Release|Any CPU.ActiveCfg = Release|Any CPU
		{0A1A1A01-8941-410D-AE2F-FBB2885D323F}.Release|Any CPU.Build.0 = Release|Any CPU
		{490C331D-FD59-45B1-856D-A089F040AD2A}.Debug|Any CPU.ActiveCfg = Debug|Any CPU
		{490C331D-FD59-45B1-856D-A089F040AD2A}.Debug|Any CPU.Build.0 = Debug|Any CPU
		{490C331D-FD59-45B1-856D-A089F040AD2A}.Release|Any CPU.ActiveCfg = Release|Any CPU
		{490C331D-FD59-45B1-856D-A089F040AD2A}.Release|Any CPU.Build.0 = Release|Any CPU
		{3DC26DC3-E509-4649-8A98-CB7384AF3E06}.Debug|Any CPU.ActiveCfg = Debug|Any CPU
		{3DC26DC3-E509-4649-8A98-CB7384AF3E06}.Debug|Any CPU.Build.0 = Debug|Any CPU
		{3DC26DC3-E509-4649-8A98-CB7384AF3E06}.Release|Any CPU.ActiveCfg = Release|Any CPU
		{3DC26DC3-E509-4649-8A98-CB7384AF3E06}.Release|Any CPU.Build.0 = Release|Any CPU
		{12F32244-5D32-4922-AA56-318B2E8C0981}.Debug|Any CPU.ActiveCfg = Debug|Any CPU
		{12F32244-5D32-4922-AA56-318B2E8C0981}.Debug|Any CPU.Build.0 = Debug|Any CPU
		{12F32244-5D32-4922-AA56-318B2E8C0981}.Release|Any CPU.ActiveCfg = Release|Any CPU
		{12F32244-5D32-4922-AA56-318B2E8C0981}.Release|Any CPU.Build.0 = Release|Any CPU
		{35499991-A3A0-42C8-8A79-80AE5AFD33D6}.Debug|Any CPU.ActiveCfg = Debug|Any CPU
		{35499991-A3A0-42C8-8A79-80AE5AFD33D6}.Debug|Any CPU.Build.0 = Debug|Any CPU
		{35499991-A3A0-42C8-8A79-80AE5AFD33D6}.Release|Any CPU.ActiveCfg = Release|Any CPU
		{35499991-A3A0-42C8-8A79-80AE5AFD33D6}.Release|Any CPU.Build.0 = Release|Any CPU
		{545DAED6-62AE-4DAA-A640-D239D296DFBA}.Debug|Any CPU.ActiveCfg = Debug|Any CPU
		{545DAED6-62AE-4DAA-A640-D239D296DFBA}.Debug|Any CPU.Build.0 = Debug|Any CPU
		{545DAED6-62AE-4DAA-A640-D239D296DFBA}.Release|Any CPU.ActiveCfg = Release|Any CPU
		{545DAED6-62AE-4DAA-A640-D239D296DFBA}.Release|Any CPU.Build.0 = Release|Any CPU
		{AB56BF75-B623-41D6-BF7F-6F68CE768A8F}.Debug|Any CPU.ActiveCfg = Debug|Any CPU
		{AB56BF75-B623-41D6-BF7F-6F68CE768A8F}.Debug|Any CPU.Build.0 = Debug|Any CPU
		{AB56BF75-B623-41D6-BF7F-6F68CE768A8F}.Release|Any CPU.ActiveCfg = Release|Any CPU
		{AB56BF75-B623-41D6-BF7F-6F68CE768A8F}.Release|Any CPU.Build.0 = Release|Any CPU
		{7743B0BC-CA03-4D0C-B7E9-F481C792722E}.Debug|Any CPU.ActiveCfg = Debug|Any CPU
		{7743B0BC-CA03-4D0C-B7E9-F481C792722E}.Debug|Any CPU.Build.0 = Debug|Any CPU
		{7743B0BC-CA03-4D0C-B7E9-F481C792722E}.Release|Any CPU.ActiveCfg = Release|Any CPU
		{7743B0BC-CA03-4D0C-B7E9-F481C792722E}.Release|Any CPU.Build.0 = Release|Any CPU
		{D4D4C83F-BC3F-44D7-86C5-AA0ED461C45E}.Debug|Any CPU.ActiveCfg = Debug|Any CPU
		{D4D4C83F-BC3F-44D7-86C5-AA0ED461C45E}.Debug|Any CPU.Build.0 = Debug|Any CPU
		{D4D4C83F-BC3F-44D7-86C5-AA0ED461C45E}.Release|Any CPU.ActiveCfg = Release|Any CPU
		{D4D4C83F-BC3F-44D7-86C5-AA0ED461C45E}.Release|Any CPU.Build.0 = Release|Any CPU
		{E7172C1B-FCD7-42D9-893F-71A9B78C0730}.Debug|Any CPU.ActiveCfg = Debug|Any CPU
		{E7172C1B-FCD7-42D9-893F-71A9B78C0730}.Debug|Any CPU.Build.0 = Debug|Any CPU
		{E7172C1B-FCD7-42D9-893F-71A9B78C0730}.Release|Any CPU.ActiveCfg = Release|Any CPU
		{E7172C1B-FCD7-42D9-893F-71A9B78C0730}.Release|Any CPU.Build.0 = Release|Any CPU
		{3431D6F6-0298-4B93-8717-DAC569266E5D}.Debug|Any CPU.ActiveCfg = Debug|Any CPU
		{3431D6F6-0298-4B93-8717-DAC569266E5D}.Debug|Any CPU.Build.0 = Debug|Any CPU
		{3431D6F6-0298-4B93-8717-DAC569266E5D}.Release|Any CPU.ActiveCfg = Release|Any CPU
		{3431D6F6-0298-4B93-8717-DAC569266E5D}.Release|Any CPU.Build.0 = Release|Any CPU
		{A370FC4C-A84C-42BB-B6B2-C67ED2D88D19}.Debug|Any CPU.ActiveCfg = Debug|Any CPU
		{A370FC4C-A84C-42BB-B6B2-C67ED2D88D19}.Debug|Any CPU.Build.0 = Debug|Any CPU
		{A370FC4C-A84C-42BB-B6B2-C67ED2D88D19}.Release|Any CPU.ActiveCfg = Release|Any CPU
		{A370FC4C-A84C-42BB-B6B2-C67ED2D88D19}.Release|Any CPU.Build.0 = Release|Any CPU
		{831BEC4C-862D-4AA5-84AD-B7751104DA57}.Debug|Any CPU.ActiveCfg = Debug|Any CPU
		{831BEC4C-862D-4AA5-84AD-B7751104DA57}.Debug|Any CPU.Build.0 = Debug|Any CPU
		{831BEC4C-862D-4AA5-84AD-B7751104DA57}.Release|Any CPU.ActiveCfg = Release|Any CPU
		{831BEC4C-862D-4AA5-84AD-B7751104DA57}.Release|Any CPU.Build.0 = Release|Any CPU
		{23A9EB48-A9D8-4AC2-BBBA-631D5C532BB1}.Debug|Any CPU.ActiveCfg = Debug|Any CPU
		{23A9EB48-A9D8-4AC2-BBBA-631D5C532BB1}.Debug|Any CPU.Build.0 = Debug|Any CPU
		{23A9EB48-A9D8-4AC2-BBBA-631D5C532BB1}.Release|Any CPU.ActiveCfg = Release|Any CPU
		{23A9EB48-A9D8-4AC2-BBBA-631D5C532BB1}.Release|Any CPU.Build.0 = Release|Any CPU
		{1BA7BD37-1A54-476D-A1E2-181EBB71F726}.Debug|Any CPU.ActiveCfg = Debug|Any CPU
		{1BA7BD37-1A54-476D-A1E2-181EBB71F726}.Debug|Any CPU.Build.0 = Debug|Any CPU
		{1BA7BD37-1A54-476D-A1E2-181EBB71F726}.Release|Any CPU.ActiveCfg = Release|Any CPU
		{1BA7BD37-1A54-476D-A1E2-181EBB71F726}.Release|Any CPU.Build.0 = Release|Any CPU
		{C421F21B-659F-457F-A0C5-22A1520DB28B}.Debug|Any CPU.ActiveCfg = Debug|Any CPU
		{C421F21B-659F-457F-A0C5-22A1520DB28B}.Debug|Any CPU.Build.0 = Debug|Any CPU
		{C421F21B-659F-457F-A0C5-22A1520DB28B}.Release|Any CPU.ActiveCfg = Release|Any CPU
		{C421F21B-659F-457F-A0C5-22A1520DB28B}.Release|Any CPU.Build.0 = Release|Any CPU
		{A2A4F4E8-6278-47A7-82DB-5CC978755007}.Debug|Any CPU.ActiveCfg = Debug|Any CPU
		{A2A4F4E8-6278-47A7-82DB-5CC978755007}.Debug|Any CPU.Build.0 = Debug|Any CPU
		{A2A4F4E8-6278-47A7-82DB-5CC978755007}.Release|Any CPU.ActiveCfg = Release|Any CPU
		{A2A4F4E8-6278-47A7-82DB-5CC978755007}.Release|Any CPU.Build.0 = Release|Any CPU
		{631F57F0-6707-47C9-964A-B789DB09D91A}.Debug|Any CPU.ActiveCfg = Debug|Any CPU
		{631F57F0-6707-47C9-964A-B789DB09D91A}.Debug|Any CPU.Build.0 = Debug|Any CPU
		{631F57F0-6707-47C9-964A-B789DB09D91A}.Release|Any CPU.ActiveCfg = Release|Any CPU
		{631F57F0-6707-47C9-964A-B789DB09D91A}.Release|Any CPU.Build.0 = Release|Any CPU
		{8B59C0BA-9656-4DA1-A5BE-5C91F8F42D1D}.Debug|Any CPU.ActiveCfg = Debug|Any CPU
		{8B59C0BA-9656-4DA1-A5BE-5C91F8F42D1D}.Debug|Any CPU.Build.0 = Debug|Any CPU
		{8B59C0BA-9656-4DA1-A5BE-5C91F8F42D1D}.Release|Any CPU.ActiveCfg = Release|Any CPU
		{8B59C0BA-9656-4DA1-A5BE-5C91F8F42D1D}.Release|Any CPU.Build.0 = Release|Any CPU
		{9B578C4F-3705-4042-A368-E1832A9FFE6F}.Debug|Any CPU.ActiveCfg = Debug|Any CPU
		{9B578C4F-3705-4042-A368-E1832A9FFE6F}.Debug|Any CPU.Build.0 = Debug|Any CPU
		{9B578C4F-3705-4042-A368-E1832A9FFE6F}.Release|Any CPU.ActiveCfg = Release|Any CPU
		{9B578C4F-3705-4042-A368-E1832A9FFE6F}.Release|Any CPU.Build.0 = Release|Any CPU
		{745BF1B9-75C0-40DF-B6DA-D088FFBA8790}.Debug|Any CPU.ActiveCfg = Debug|Any CPU
		{745BF1B9-75C0-40DF-B6DA-D088FFBA8790}.Debug|Any CPU.Build.0 = Debug|Any CPU
		{745BF1B9-75C0-40DF-B6DA-D088FFBA8790}.Release|Any CPU.ActiveCfg = Release|Any CPU
		{745BF1B9-75C0-40DF-B6DA-D088FFBA8790}.Release|Any CPU.Build.0 = Release|Any CPU
		{30C431C8-2CAA-4B56-9053-3512DA26DB27}.Debug|Any CPU.ActiveCfg = Debug|Any CPU
		{30C431C8-2CAA-4B56-9053-3512DA26DB27}.Debug|Any CPU.Build.0 = Debug|Any CPU
		{30C431C8-2CAA-4B56-9053-3512DA26DB27}.Release|Any CPU.ActiveCfg = Release|Any CPU
		{30C431C8-2CAA-4B56-9053-3512DA26DB27}.Release|Any CPU.Build.0 = Release|Any CPU
		{8B8FF216-F0ED-4BB5-87E2-C88204393940}.Debug|Any CPU.ActiveCfg = Debug|Any CPU
		{8B8FF216-F0ED-4BB5-87E2-C88204393940}.Debug|Any CPU.Build.0 = Debug|Any CPU
		{8B8FF216-F0ED-4BB5-87E2-C88204393940}.Release|Any CPU.ActiveCfg = Release|Any CPU
		{8B8FF216-F0ED-4BB5-87E2-C88204393940}.Release|Any CPU.Build.0 = Release|Any CPU
	EndGlobalSection
	GlobalSection(SolutionProperties) = preSolution
		HideSolutionNode = FALSE
	EndGlobalSection
	GlobalSection(NestedProjects) = preSolution
		{973BD9A1-9D05-47C7-9B49-E3FAEACA9F90} = {C7982717-B2C3-4C49-A625-F70A862E5A13}
		{E5FBF4F5-9A87-405A-8B54-FA1569832E82} = {C7982717-B2C3-4C49-A625-F70A862E5A13}
		{9AA6DED7-0CEA-449D-9D86-D5BAFA4EB3F2} = {C7982717-B2C3-4C49-A625-F70A862E5A13}
		{D1702046-B2EC-4398-89F2-8E694C756C57} = {C7982717-B2C3-4C49-A625-F70A862E5A13}
		{CCB4560B-8CF0-4997-BE40-35015E7DF5FF} = {C7982717-B2C3-4C49-A625-F70A862E5A13}
		{BEE7B13F-695C-4C0E-A235-3C170E1052E2} = {94C3B9EF-2B6F-498A-ACC2-2F51088F84F3}
		{B7916C38-E99E-45E2-AF29-FF5E52FC224B} = {94C3B9EF-2B6F-498A-ACC2-2F51088F84F3}
		{C130D04E-3110-4CA6-AC99-CCA86ED33178} = {94C3B9EF-2B6F-498A-ACC2-2F51088F84F3}
		{66A5D665-605B-46F9-9DAC-95A1CCF48B75} = {94C3B9EF-2B6F-498A-ACC2-2F51088F84F3}
		{4C7E3B85-AA27-47FA-934A-5005F514AA29} = {94C3B9EF-2B6F-498A-ACC2-2F51088F84F3}
		{FFBE1D1B-5729-4FFF-8644-A1472EAA41BE} = {94C3B9EF-2B6F-498A-ACC2-2F51088F84F3}
		{F617F6C9-3B75-44E9-A32C-C6ED79FCCB1D} = {94C3B9EF-2B6F-498A-ACC2-2F51088F84F3}
		{0A060D9F-3D59-4B71-8B49-1A2A78D67812} = {94C3B9EF-2B6F-498A-ACC2-2F51088F84F3}
		{BB7696D6-8769-4F02-989F-CC0B2FF50EBC} = {94C3B9EF-2B6F-498A-ACC2-2F51088F84F3}
		{0E19C4CB-61C9-4846-B5A4-076B2522DD1B} = {94C3B9EF-2B6F-498A-ACC2-2F51088F84F3}
		{F67CA977-687C-4292-9E23-6F4D7804722C} = {94C3B9EF-2B6F-498A-ACC2-2F51088F84F3}
		{586326B9-87A8-4615-B245-DC21487F38F5} = {8D06333C-EFCA-4AF3-872A-9B4BA104D671}
		{6C73FC4D-D2FF-4AB5-AC26-A7ABB8494305} = {8D06333C-EFCA-4AF3-872A-9B4BA104D671}
		{DBA349EB-F051-48A6-85B2-FBF2D54B82FE} = {8D06333C-EFCA-4AF3-872A-9B4BA104D671}
		{42A65C33-821A-4064-885A-A98CA6977EE5} = {8D06333C-EFCA-4AF3-872A-9B4BA104D671}
		{86EF574D-64B0-4FF3-AF04-CA0E9BA5EBB9} = {8D06333C-EFCA-4AF3-872A-9B4BA104D671}
		{29A059AD-6BD1-49F2-923A-567FAB01F392} = {A04B6126-0DBF-4FCA-A4D3-2B622ACD3B7B}
		{DAB3CBFE-EBF2-48C4-B0B7-E796677C167D} = {C7982717-B2C3-4C49-A625-F70A862E5A13}
		{EF7113BB-E11F-4831-BBDD-A3310068384D} = {C7982717-B2C3-4C49-A625-F70A862E5A13}
		{33C5A117-55FF-4DC1-BBA0-2B4CC9ADA3AE} = {C7982717-B2C3-4C49-A625-F70A862E5A13}
		{4B2C3205-C0C3-4990-AD54-6E4C79AFD461} = {96009B56-1145-45E4-8408-983B9F311237}
		{9F9F1DC9-E691-4D54-9D4E-015D2551DFDF} = {96009B56-1145-45E4-8408-983B9F311237}
		{DE321124-0A9F-462F-B566-0E884F19B8F2} = {96009B56-1145-45E4-8408-983B9F311237}
		{0A1A1A01-8941-410D-AE2F-FBB2885D323F} = {96009B56-1145-45E4-8408-983B9F311237}
		{490C331D-FD59-45B1-856D-A089F040AD2A} = {96009B56-1145-45E4-8408-983B9F311237}
		{3DC26DC3-E509-4649-8A98-CB7384AF3E06} = {D368289C-A158-4EBA-B4AD-C70EAA3E180A}
		{12F32244-5D32-4922-AA56-318B2E8C0981} = {D368289C-A158-4EBA-B4AD-C70EAA3E180A}
		{35499991-A3A0-42C8-8A79-80AE5AFD33D6} = {D368289C-A158-4EBA-B4AD-C70EAA3E180A}
		{545DAED6-62AE-4DAA-A640-D239D296DFBA} = {D368289C-A158-4EBA-B4AD-C70EAA3E180A}
		{AB56BF75-B623-41D6-BF7F-6F68CE768A8F} = {D368289C-A158-4EBA-B4AD-C70EAA3E180A}
		{7743B0BC-CA03-4D0C-B7E9-F481C792722E} = {D368289C-A158-4EBA-B4AD-C70EAA3E180A}
		{D4D4C83F-BC3F-44D7-86C5-AA0ED461C45E} = {D368289C-A158-4EBA-B4AD-C70EAA3E180A}
		{E7172C1B-FCD7-42D9-893F-71A9B78C0730} = {D368289C-A158-4EBA-B4AD-C70EAA3E180A}
		{3431D6F6-0298-4B93-8717-DAC569266E5D} = {D368289C-A158-4EBA-B4AD-C70EAA3E180A}
		{A370FC4C-A84C-42BB-B6B2-C67ED2D88D19} = {D368289C-A158-4EBA-B4AD-C70EAA3E180A}
		{831BEC4C-862D-4AA5-84AD-B7751104DA57} = {D368289C-A158-4EBA-B4AD-C70EAA3E180A}
		{23A9EB48-A9D8-4AC2-BBBA-631D5C532BB1} = {D368289C-A158-4EBA-B4AD-C70EAA3E180A}
		{1BA7BD37-1A54-476D-A1E2-181EBB71F726} = {D368289C-A158-4EBA-B4AD-C70EAA3E180A}
		{C421F21B-659F-457F-A0C5-22A1520DB28B} = {D368289C-A158-4EBA-B4AD-C70EAA3E180A}
		{A2A4F4E8-6278-47A7-82DB-5CC978755007} = {D368289C-A158-4EBA-B4AD-C70EAA3E180A}
		{631F57F0-6707-47C9-964A-B789DB09D91A} = {D368289C-A158-4EBA-B4AD-C70EAA3E180A}
		{8B59C0BA-9656-4DA1-A5BE-5C91F8F42D1D} = {D368289C-A158-4EBA-B4AD-C70EAA3E180A}
		{9B578C4F-3705-4042-A368-E1832A9FFE6F} = {A04B6126-0DBF-4FCA-A4D3-2B622ACD3B7B}
		{745BF1B9-75C0-40DF-B6DA-D088FFBA8790} = {A04B6126-0DBF-4FCA-A4D3-2B622ACD3B7B}
		{30C431C8-2CAA-4B56-9053-3512DA26DB27} = {A04B6126-0DBF-4FCA-A4D3-2B622ACD3B7B}
		{8B8FF216-F0ED-4BB5-87E2-C88204393940} = {A04B6126-0DBF-4FCA-A4D3-2B622ACD3B7B}
	EndGlobalSection
	GlobalSection(ExtensibilityGlobals) = postSolution
		SolutionGuid = {1E38CA45-953B-4EE4-89E8-0A380D440429}
	EndGlobalSection
EndGlobal
